// !$*UTF8*$!
{
	archiveVersion = 1;
	classes = {
	};
	objectVersion = 50;
	objects = {

/* Begin PBXBuildFile section */
		9B08C94325E289970011902D /* FamilyApp.swift in Sources */ = {isa = PBXBuildFile; fileRef = 9B08C94225E289970011902D /* FamilyApp.swift */; };
		9B08C94525E289970011902D /* ContentView.swift in Sources */ = {isa = PBXBuildFile; fileRef = 9B08C94425E289970011902D /* ContentView.swift */; };
		9B08C94725E289990011902D /* Assets.xcassets in Resources */ = {isa = PBXBuildFile; fileRef = 9B08C94625E289990011902D /* Assets.xcassets */; };
		9B08C94A25E289990011902D /* Preview Assets.xcassets in Resources */ = {isa = PBXBuildFile; fileRef = 9B08C94925E289990011902D /* Preview Assets.xcassets */; };
		9B08C94C25E289990011902D /* Persistence.swift in Sources */ = {isa = PBXBuildFile; fileRef = 9B08C94B25E289990011902D /* Persistence.swift */; };
		9B08C94F25E289990011902D /* Family.xcdatamodeld in Sources */ = {isa = PBXBuildFile; fileRef = 9B08C94D25E289990011902D /* Family.xcdatamodeld */; };
		9B08C95825E28A650011902D /* ViewModel.swift in Sources */ = {isa = PBXBuildFile; fileRef = 9B08C95725E28A650011902D /* ViewModel.swift */; };
		9B08C95B25E28B230011902D /* FamilyDataManager.swift in Sources */ = {isa = PBXBuildFile; fileRef = 9B08C95A25E28B230011902D /* FamilyDataManager.swift */; };
		9BBB65E825E2925500F2942C /* FamilyMembersView.swift in Sources */ = {isa = PBXBuildFile; fileRef = 9BBB65E725E2925500F2942C /* FamilyMembersView.swift */; };
		9BBB661825E3D88700F2942C /* Family+CoreDataClass.swift in Sources */ = {isa = PBXBuildFile; fileRef = 9BBB661425E3D88700F2942C /* Family+CoreDataClass.swift */; };
		9BBB661925E3D88700F2942C /* Family+CoreDataProperties.swift in Sources */ = {isa = PBXBuildFile; fileRef = 9BBB661525E3D88700F2942C /* Family+CoreDataProperties.swift */; };
		9BBB661A25E3D88700F2942C /* FamilyMembers+CoreDataClass.swift in Sources */ = {isa = PBXBuildFile; fileRef = 9BBB661625E3D88700F2942C /* FamilyMembers+CoreDataClass.swift */; };
		9BBB661B25E3D88700F2942C /* FamilyMembers+CoreDataProperties.swift in Sources */ = {isa = PBXBuildFile; fileRef = 9BBB661725E3D88700F2942C /* FamilyMembers+CoreDataProperties.swift */; };
/* End PBXBuildFile section */

/* Begin PBXFileReference section */
		9B08C93F25E289970011902D /* Family.app */ = {isa = PBXFileReference; explicitFileType = wrapper.application; includeInIndex = 0; path = Family.app; sourceTree = BUILT_PRODUCTS_DIR; };
		9B08C94225E289970011902D /* FamilyApp.swift */ = {isa = PBXFileReference; lastKnownFileType = sourcecode.swift; path = FamilyApp.swift; sourceTree = "<group>"; };
		9B08C94425E289970011902D /* ContentView.swift */ = {isa = PBXFileReference; lastKnownFileType = sourcecode.swift; path = ContentView.swift; sourceTree = "<group>"; };
		9B08C94625E289990011902D /* Assets.xcassets */ = {isa = PBXFileReference; lastKnownFileType = folder.assetcatalog; path = Assets.xcassets; sourceTree = "<group>"; };
		9B08C94925E289990011902D /* Preview Assets.xcassets */ = {isa = PBXFileReference; lastKnownFileType = folder.assetcatalog; path = "Preview Assets.xcassets"; sourceTree = "<group>"; };
		9B08C94B25E289990011902D /* Persistence.swift */ = {isa = PBXFileReference; lastKnownFileType = sourcecode.swift; path = Persistence.swift; sourceTree = "<group>"; };
		9B08C94E25E289990011902D /* Family.xcdatamodel */ = {isa = PBXFileReference; lastKnownFileType = wrapper.xcdatamodel; path = Family.xcdatamodel; sourceTree = "<group>"; };
		9B08C95025E289990011902D /* Info.plist */ = {isa = PBXFileReference; lastKnownFileType = text.plist.xml; path = Info.plist; sourceTree = "<group>"; };
		9B08C95725E28A650011902D /* ViewModel.swift */ = {isa = PBXFileReference; lastKnownFileType = sourcecode.swift; path = ViewModel.swift; sourceTree = "<group>"; };
		9B08C95A25E28B230011902D /* FamilyDataManager.swift */ = {isa = PBXFileReference; lastKnownFileType = sourcecode.swift; path = FamilyDataManager.swift; sourceTree = "<group>"; };
		9BBB65E725E2925500F2942C /* FamilyMembersView.swift */ = {isa = PBXFileReference; lastKnownFileType = sourcecode.swift; path = FamilyMembersView.swift; sourceTree = "<group>"; };
		9BBB661425E3D88700F2942C /* Family+CoreDataClass.swift */ = {isa = PBXFileReference; lastKnownFileType = sourcecode.swift; path = "Family+CoreDataClass.swift"; sourceTree = "<group>"; };
		9BBB661525E3D88700F2942C /* Family+CoreDataProperties.swift */ = {isa = PBXFileReference; lastKnownFileType = sourcecode.swift; path = "Family+CoreDataProperties.swift"; sourceTree = "<group>"; };
		9BBB661625E3D88700F2942C /* FamilyMembers+CoreDataClass.swift */ = {isa = PBXFileReference; lastKnownFileType = sourcecode.swift; path = "FamilyMembers+CoreDataClass.swift"; sourceTree = "<group>"; };
		9BBB661725E3D88700F2942C /* FamilyMembers+CoreDataProperties.swift */ = {isa = PBXFileReference; lastKnownFileType = sourcecode.swift; path = "FamilyMembers+CoreDataProperties.swift"; sourceTree = "<group>"; };
/* End PBXFileReference section */

/* Begin PBXFrameworksBuildPhase section */
		9B08C93C25E289970011902D /* Frameworks */ = {
			isa = PBXFrameworksBuildPhase;
			buildActionMask = 2147483647;
			files = (
			);
			runOnlyForDeploymentPostprocessing = 0;
		};
/* End PBXFrameworksBuildPhase section */

/* Begin PBXGroup section */
		9B08C93625E289970011902D = {
			isa = PBXGroup;
			children = (
				9B08C94125E289970011902D /* Family */,
				9B08C94025E289970011902D /* Products */,
			);
			sourceTree = "<group>";
		};
		9B08C94025E289970011902D /* Products */ = {
			isa = PBXGroup;
			children = (
				9B08C93F25E289970011902D /* Family.app */,
			);
			name = Products;
			sourceTree = "<group>";
		};
		9B08C94125E289970011902D /* Family */ = {
			isa = PBXGroup;
			children = (
				9BBB65F025E2967E00F2942C /* Model */,
				9B08C94225E289970011902D /* FamilyApp.swift */,
				9BBB65EC25E2965C00F2942C /* Views */,
				9BBB65EA25E2964A00F2942C /* View Models */,
				9BBB65EE25E2966500F2942C /* Data Managers */,
				9B08C94625E289990011902D /* Assets.xcassets */,
				9B08C95025E289990011902D /* Info.plist */,
				9B08C94825E289990011902D /* Preview Content */,
			);
			path = Family;
			sourceTree = "<group>";
		};
		9B08C94825E289990011902D /* Preview Content */ = {
			isa = PBXGroup;
			children = (
				9B08C94925E289990011902D /* Preview Assets.xcassets */,
			);
			path = "Preview Content";
			sourceTree = "<group>";
		};
		9BBB65EA25E2964A00F2942C /* View Models */ = {
			isa = PBXGroup;
			children = (
				9B08C95725E28A650011902D /* ViewModel.swift */,
			);
			path = "View Models";
			sourceTree = "<group>";
		};
		9BBB65EC25E2965C00F2942C /* Views */ = {
			isa = PBXGroup;
			children = (
				9B08C94425E289970011902D /* ContentView.swift */,
				9BBB65E725E2925500F2942C /* FamilyMembersView.swift */,
			);
			path = Views;
			sourceTree = "<group>";
		};
		9BBB65EE25E2966500F2942C /* Data Managers */ = {
			isa = PBXGroup;
			children = (
				9B08C95A25E28B230011902D /* FamilyDataManager.swift */,
			);
			path = "Data Managers";
			sourceTree = "<group>";
		};
		9BBB65F025E2967E00F2942C /* Model */ = {
			isa = PBXGroup;
			children = (
				9BBB661425E3D88700F2942C /* Family+CoreDataClass.swift */,
				9BBB661525E3D88700F2942C /* Family+CoreDataProperties.swift */,
				9BBB661625E3D88700F2942C /* FamilyMembers+CoreDataClass.swift */,
				9BBB661725E3D88700F2942C /* FamilyMembers+CoreDataProperties.swift */,
				9B08C94B25E289990011902D /* Persistence.swift */,
				9B08C94D25E289990011902D /* Family.xcdatamodeld */,
			);
			path = Model;
			sourceTree = "<group>";
		};
/* End PBXGroup section */

/* Begin PBXNativeTarget section */
		9B08C93E25E289970011902D /* Family */ = {
			isa = PBXNativeTarget;
			buildConfigurationList = 9B08C95325E289990011902D /* Build configuration list for PBXNativeTarget "Family" */;
			buildPhases = (
				9B08C93B25E289970011902D /* Sources */,
				9B08C93C25E289970011902D /* Frameworks */,
				9B08C93D25E289970011902D /* Resources */,
			);
			buildRules = (
			);
			dependencies = (
			);
			name = Family;
			productName = Family;
			productReference = 9B08C93F25E289970011902D /* Family.app */;
			productType = "com.apple.product-type.application";
		};
/* End PBXNativeTarget section */

/* Begin PBXProject section */
		9B08C93725E289970011902D /* Project object */ = {
			isa = PBXProject;
			attributes = {
				LastSwiftUpdateCheck = 1240;
				LastUpgradeCheck = 1240;
				TargetAttributes = {
					9B08C93E25E289970011902D = {
						CreatedOnToolsVersion = 12.4;
					};
				};
			};
			buildConfigurationList = 9B08C93A25E289970011902D /* Build configuration list for PBXProject "Family" */;
			compatibilityVersion = "Xcode 9.3";
			developmentRegion = en;
			hasScannedForEncodings = 0;
			knownRegions = (
				en,
				Base,
			);
			mainGroup = 9B08C93625E289970011902D;
			productRefGroup = 9B08C94025E289970011902D /* Products */;
			projectDirPath = "";
			projectRoot = "";
			targets = (
				9B08C93E25E289970011902D /* Family */,
			);
		};
/* End PBXProject section */

/* Begin PBXResourcesBuildPhase section */
		9B08C93D25E289970011902D /* Resources */ = {
			isa = PBXResourcesBuildPhase;
			buildActionMask = 2147483647;
			files = (
				9B08C94A25E289990011902D /* Preview Assets.xcassets in Resources */,
				9B08C94725E289990011902D /* Assets.xcassets in Resources */,
			);
			runOnlyForDeploymentPostprocessing = 0;
		};
/* End PBXResourcesBuildPhase section */

/* Begin PBXSourcesBuildPhase section */
		9B08C93B25E289970011902D /* Sources */ = {
			isa = PBXSourcesBuildPhase;
			buildActionMask = 2147483647;
			files = (
				9BBB65E825E2925500F2942C /* FamilyMembersView.swift in Sources */,
				9BBB661A25E3D88700F2942C /* FamilyMembers+CoreDataClass.swift in Sources */,
				9B08C95825E28A650011902D /* ViewModel.swift in Sources */,
				9B08C95B25E28B230011902D /* FamilyDataManager.swift in Sources */,
				9BBB661825E3D88700F2942C /* Family+CoreDataClass.swift in Sources */,
				9B08C94C25E289990011902D /* Persistence.swift in Sources */,
				9BBB661B25E3D88700F2942C /* FamilyMembers+CoreDataProperties.swift in Sources */,
				9B08C94F25E289990011902D /* Family.xcdatamodeld in Sources */,
				9BBB661925E3D88700F2942C /* Family+CoreDataProperties.swift in Sources */,
				9B08C94525E289970011902D /* ContentView.swift in Sources */,
				9B08C94325E289970011902D /* FamilyApp.swift in Sources */,
			);
			runOnlyForDeploymentPostprocessing = 0;
		};
/* End PBXSourcesBuildPhase section */

/* Begin XCBuildConfiguration section */
		9B08C95125E289990011902D /* Debug */ = {
			isa = XCBuildConfiguration;
			buildSettings = {
				ALWAYS_SEARCH_USER_PATHS = NO;
				CLANG_ANALYZER_NONNULL = YES;
				CLANG_ANALYZER_NUMBER_OBJECT_CONVERSION = YES_AGGRESSIVE;
				CLANG_CXX_LANGUAGE_STANDARD = "gnu++14";
				CLANG_CXX_LIBRARY = "libc++";
				CLANG_ENABLE_MODULES = YES;
				CLANG_ENABLE_OBJC_ARC = YES;
				CLANG_ENABLE_OBJC_WEAK = YES;
				CLANG_WARN_BLOCK_CAPTURE_AUTORELEASING = YES;
				CLANG_WARN_BOOL_CONVERSION = YES;
				CLANG_WARN_COMMA = YES;
				CLANG_WARN_CONSTANT_CONVERSION = YES;
				CLANG_WARN_DEPRECATED_OBJC_IMPLEMENTATIONS = YES;
				CLANG_WARN_DIRECT_OBJC_ISA_USAGE = YES_ERROR;
				CLANG_WARN_DOCUMENTATION_COMMENTS = YES;
				CLANG_WARN_EMPTY_BODY = YES;
				CLANG_WARN_ENUM_CONVERSION = YES;
				CLANG_WARN_INFINITE_RECURSION = YES;
				CLANG_WARN_INT_CONVERSION = YES;
				CLANG_WARN_NON_LITERAL_NULL_CONVERSION = YES;
				CLANG_WARN_OBJC_IMPLICIT_RETAIN_SELF = YES;
				CLANG_WARN_OBJC_LITERAL_CONVERSION = YES;
				CLANG_WARN_OBJC_ROOT_CLASS = YES_ERROR;
				CLANG_WARN_QUOTED_INCLUDE_IN_FRAMEWORK_HEADER = YES;
				CLANG_WARN_RANGE_LOOP_ANALYSIS = YES;
				CLANG_WARN_STRICT_PROTOTYPES = YES;
				CLANG_WARN_SUSPICIOUS_MOVE = YES;
				CLANG_WARN_UNGUARDED_AVAILABILITY = YES_AGGRESSIVE;
				CLANG_WARN_UNREACHABLE_CODE = YES;
				CLANG_WARN__DUPLICATE_METHOD_MATCH = YES;
				COPY_PHASE_STRIP = NO;
				DEBUG_INFORMATION_FORMAT = dwarf;
				ENABLE_STRICT_OBJC_MSGSEND = YES;
				ENABLE_TESTABILITY = YES;
				GCC_C_LANGUAGE_STANDARD = gnu11;
				GCC_DYNAMIC_NO_PIC = NO;
				GCC_NO_COMMON_BLOCKS = YES;
				GCC_OPTIMIZATION_LEVEL = 0;
				GCC_PREPROCESSOR_DEFINITIONS = (
					"DEBUG=1",
					"$(inherited)",
				);
				GCC_WARN_64_TO_32_BIT_CONVERSION = YES;
				GCC_WARN_ABOUT_RETURN_TYPE = YES_ERROR;
				GCC_WARN_UNDECLARED_SELECTOR = YES;
				GCC_WARN_UNINITIALIZED_AUTOS = YES_AGGRESSIVE;
				GCC_WARN_UNUSED_FUNCTION = YES;
				GCC_WARN_UNUSED_VARIABLE = YES;
				IPHONEOS_DEPLOYMENT_TARGET = 14.4;
				MTL_ENABLE_DEBUG_INFO = INCLUDE_SOURCE;
				MTL_FAST_MATH = YES;
				ONLY_ACTIVE_ARCH = YES;
				SDKROOT = iphoneos;
				SWIFT_ACTIVE_COMPILATION_CONDITIONS = DEBUG;
				SWIFT_OPTIMIZATION_LEVEL = "-Onone";
			};
			name = Debug;
		};
		9B08C95225E289990011902D /* Release */ = {
			isa = XCBuildConfiguration;
			buildSettings = {
				ALWAYS_SEARCH_USER_PATHS = NO;
				CLANG_ANALYZER_NONNULL = YES;
				CLANG_ANALYZER_NUMBER_OBJECT_CONVERSION = YES_AGGRESSIVE;
				CLANG_CXX_LANGUAGE_STANDARD = "gnu++14";
				CLANG_CXX_LIBRARY = "libc++";
				CLANG_ENABLE_MODULES = YES;
				CLANG_ENABLE_OBJC_ARC = YES;
				CLANG_ENABLE_OBJC_WEAK = YES;
				CLANG_WARN_BLOCK_CAPTURE_AUTORELEASING = YES;
				CLANG_WARN_BOOL_CONVERSION = YES;
				CLANG_WARN_COMMA = YES;
				CLANG_WARN_CONSTANT_CONVERSION = YES;
				CLANG_WARN_DEPRECATED_OBJC_IMPLEMENTATIONS = YES;
				CLANG_WARN_DIRECT_OBJC_ISA_USAGE = YES_ERROR;
				CLANG_WARN_DOCUMENTATION_COMMENTS = YES;
				CLANG_WARN_EMPTY_BODY = YES;
				CLANG_WARN_ENUM_CONVERSION = YES;
				CLANG_WARN_INFINITE_RECURSION = YES;
				CLANG_WARN_INT_CONVERSION = YES;
				CLANG_WARN_NON_LITERAL_NULL_CONVERSION = YES;
				CLANG_WARN_OBJC_IMPLICIT_RETAIN_SELF = YES;
				CLANG_WARN_OBJC_LITERAL_CONVERSION = YES;
				CLANG_WARN_OBJC_ROOT_CLASS = YES_ERROR;
				CLANG_WARN_QUOTED_INCLUDE_IN_FRAMEWORK_HEADER = YES;
				CLANG_WARN_RANGE_LOOP_ANALYSIS = YES;
				CLANG_WARN_STRICT_PROTOTYPES = YES;
				CLANG_WARN_SUSPICIOUS_MOVE = YES;
				CLANG_WARN_UNGUARDED_AVAILABILITY = YES_AGGRESSIVE;
				CLANG_WARN_UNREACHABLE_CODE = YES;
				CLANG_WARN__DUPLICATE_METHOD_MATCH = YES;
				COPY_PHASE_STRIP = NO;
				DEBUG_INFORMATION_FORMAT = "dwarf-with-dsym";
				ENABLE_NS_ASSERTIONS = NO;
				ENABLE_STRICT_OBJC_MSGSEND = YES;
				GCC_C_LANGUAGE_STANDARD = gnu11;
				GCC_NO_COMMON_BLOCKS = YES;
				GCC_WARN_64_TO_32_BIT_CONVERSION = YES;
				GCC_WARN_ABOUT_RETURN_TYPE = YES_ERROR;
				GCC_WARN_UNDECLARED_SELECTOR = YES;
				GCC_WARN_UNINITIALIZED_AUTOS = YES_AGGRESSIVE;
				GCC_WARN_UNUSED_FUNCTION = YES;
				GCC_WARN_UNUSED_VARIABLE = YES;
				IPHONEOS_DEPLOYMENT_TARGET = 14.4;
				MTL_ENABLE_DEBUG_INFO = NO;
				MTL_FAST_MATH = YES;
				SDKROOT = iphoneos;
				SWIFT_COMPILATION_MODE = wholemodule;
				SWIFT_OPTIMIZATION_LEVEL = "-O";
				VALIDATE_PRODUCT = YES;
			};
			name = Release;
		};
		9B08C95425E289990011902D /* Debug */ = {
			isa = XCBuildConfiguration;
			buildSettings = {
				ASSETCATALOG_COMPILER_APPICON_NAME = AppIcon;
				ASSETCATALOG_COMPILER_GLOBAL_ACCENT_COLOR_NAME = AccentColor;
				CODE_SIGN_STYLE = Automatic;
				DEVELOPMENT_ASSET_PATHS = "\"Family/Preview Content\"";
				DEVELOPMENT_TEAM = JR9JANX82B;
				ENABLE_PREVIEWS = YES;
				INFOPLIST_FILE = Family/Info.plist;
				IPHONEOS_DEPLOYMENT_TARGET = 14.0;
				LD_RUNPATH_SEARCH_PATHS = (
					"$(inherited)",
					"@executable_path/Frameworks",
				);
				PRODUCT_BUNDLE_IDENTIFIER = rlong405.Family;
				PRODUCT_NAME = "$(TARGET_NAME)";
				SWIFT_VERSION = 5.0;
				TARGETED_DEVICE_FAMILY = "1,2";
			};
			name = Debug;
		};
		9B08C95525E289990011902D /* Release */ = {
			isa = XCBuildConfiguration;
			buildSettings = {
				ASSETCATALOG_COMPILER_APPICON_NAME = AppIcon;
				ASSETCATALOG_COMPILER_GLOBAL_ACCENT_COLOR_NAME = AccentColor;
				CODE_SIGN_STYLE = Automatic;
				DEVELOPMENT_ASSET_PATHS = "\"Family/Preview Content\"";
				DEVELOPMENT_TEAM = JR9JANX82B;
				ENABLE_PREVIEWS = YES;
				INFOPLIST_FILE = Family/Info.plist;
				IPHONEOS_DEPLOYMENT_TARGET = 14.0;
				LD_RUNPATH_SEARCH_PATHS = (
					"$(inherited)",
					"@executable_path/Frameworks",
				);
				PRODUCT_BUNDLE_IDENTIFIER = rlong405.Family;
				PRODUCT_NAME = "$(TARGET_NAME)";
				SWIFT_VERSION = 5.0;
				TARGETED_DEVICE_FAMILY = "1,2";
			};
			name = Release;
		};
/* End XCBuildConfiguration section */

/* Begin XCConfigurationList section */
		9B08C93A25E289970011902D /* Build configuration list for PBXProject "Family" */ = {
			isa = XCConfigurationList;
			buildConfigurations = (
				9B08C95125E289990011902D /* Debug */,
				9B08C95225E289990011902D /* Release */,
			);
			defaultConfigurationIsVisible = 0;
			defaultConfigurationName = Release;
		};
		9B08C95325E289990011902D /* Build configuration list for PBXNativeTarget "Family" */ = {
			isa = XCConfigurationList;
			buildConfigurations = (
				9B08C95425E289990011902D /* Debug */,
				9B08C95525E289990011902D /* Release */,
			);
			defaultConfigurationIsVisible = 0;
			defaultConfigurationName = Release;
		};
/* End XCConfigurationList section */

/* Begin XCVersionGroup section */
		9B08C94D25E289990011902D /* Family.xcdatamodeld */ = {
			isa = XCVersionGroup;
			children = (
				9B08C94E25E289990011902D /* Family.xcdatamodel */,
			);
			currentVersion = 9B08C94E25E289990011902D /* Family.xcdatamodel */;
			path = Family.xcdatamodeld;
			sourceTree = "<group>";
			versionGroupType = wrapper.xcdatamodel;
		};
/* End XCVersionGroup section */
	};
	rootObject = 9B08C93725E289970011902D /* Project object */;
}
